
Microsoft Visual Studio Solution File, Format Version 12.00
# Visual Studio Version 16
VisualStudioVersion = 16.0.29926.136
MinimumVisualStudioVersion = 10.0.40219.1
Project("{FAE04EC0-301F-11D3-BF4B-00C04F79EFBC}") = "CookBook", "CookBook\CookBook.csproj", "{7FBEDF91-2054-4E72-8138-BD326D8980E8}"
EndProject
Global
	GlobalSection(SolutionConfigurationPlatforms) = preSolution
		Debug|Any CPU = Debug|Any CPU
		Release|Any CPU = Release|Any CPU
	EndGlobalSection
	GlobalSection(ProjectConfigurationPlatforms) = postSolution
		{7FBEDF91-2054-4E72-8138-BD326D8980E8}.Debug|Any CPU.ActiveCfg = Debug|Any CPU
		{7FBEDF91-2054-4E72-8138-BD326D8980E8}.Debug|Any CPU.Build.0 = Debug|Any CPU
		{7FBEDF91-2054-4E72-8138-BD326D8980E8}.Release|Any CPU.ActiveCfg = Release|Any CPU
		{7FBEDF91-2054-4E72-8138-BD326D8980E8}.Release|Any CPU.Build.0 = Release|Any CPU
	EndGlobalSection
	GlobalSection(SolutionProperties) = preSolution
		HideSolutionNode = FALSE
	EndGlobalSection
	GlobalSection(ExtensibilityGlobals) = postSolution
		SolutionGuid = {B8840F5D-29BF-4253-9E0B-55B309AD3A48}
	EndGlobalSection
EndGlobal
